
Microsoft Visual Studio Solution File, Format Version 12.00
# Visual Studio 2013
VisualStudioVersion = 12.0.30501.0
MinimumVisualStudioVersion = 10.0.40219.1
Project("{FAE04EC0-301F-11D3-BF4B-00C04F79EFBC}") = "HierarchicalFacet2Find", "HierarchicalFacet2Find\HierarchicalFacet2Find.csproj", "{189B3257-492F-4D06-B3D5-3BE6177507EB}"
EndProject
Project("{2150E333-8FDC-42A3-9474-1A3956D46DE8}") = ".nuget", ".nuget", "{23EBD97C-B030-42F5-AAD4-613FB3E2859C}"
EndProject
Project("{2150E333-8FDC-42A3-9474-1A3956D46DE8}") = "Tests", "Tests", "{3A7FE190-0118-4F18-8C5C-4472E578B191}"
EndProject
Project("{FAE04EC0-301F-11D3-BF4B-00C04F79EFBC}") = "HierarchicalFacet2Find.Tests", "HierarchicalFacet2Find.Tests\HierarchicalFacet2Find.Tests.csproj", "{5ED3EACD-18A4-4BF2-81E2-86FEC4D5739E}"
EndProject
Global
	GlobalSection(SolutionConfigurationPlatforms) = preSolution
		Debug|Any CPU = Debug|Any CPU
		Release|Any CPU = Release|Any CPU
	EndGlobalSection
	GlobalSection(ProjectConfigurationPlatforms) = postSolution
		{189B3257-492F-4D06-B3D5-3BE6177507EB}.Debug|Any CPU.ActiveCfg = Debug|Any CPU
		{189B3257-492F-4D06-B3D5-3BE6177507EB}.Release|Any CPU.ActiveCfg = Release|Any CPU
		{5ED3EACD-18A4-4BF2-81E2-86FEC4D5739E}.Debug|Any CPU.ActiveCfg = Debug|Any CPU
		{5ED3EACD-18A4-4BF2-81E2-86FEC4D5739E}.Debug|Any CPU.Build.0 = Debug|Any CPU
		{5ED3EACD-18A4-4BF2-81E2-86FEC4D5739E}.Release|Any CPU.ActiveCfg = Release|Any CPU
	EndGlobalSection
	GlobalSection(SolutionProperties) = preSolution
		HideSolutionNode = FALSE
	EndGlobalSection
	GlobalSection(NestedProjects) = preSolution
		{5ED3EACD-18A4-4BF2-81E2-86FEC4D5739E} = {3A7FE190-0118-4F18-8C5C-4472E578B191}
	EndGlobalSection
EndGlobal
